
Microsoft Visual Studio Solution File, Format Version 12.00
# Visual Studio 15
VisualStudioVersion = 15.0.26730.12
MinimumVisualStudioVersion = 10.0.40219.1
Project("{FAE04EC0-301F-11D3-BF4B-00C04F79EFBC}") = "culminating_JoelTaame", "culminating_JoelTaame\culminating_JoelTaame.csproj", "{713DDD21-9917-49EA-A8A4-E4A3F7C772AF}"
EndProject
Global
	GlobalSection(SolutionConfigurationPlatforms) = preSolution
		Debug|Any CPU = Debug|Any CPU
		Release|Any CPU = Release|Any CPU
	EndGlobalSection
	GlobalSection(ProjectConfigurationPlatforms) = postSolution
		{713DDD21-9917-49EA-A8A4-E4A3F7C772AF}.Debug|Any CPU.ActiveCfg = Debug|Any CPU
		{713DDD21-9917-49EA-A8A4-E4A3F7C772AF}.Debug|Any CPU.Build.0 = Debug|Any CPU
		{713DDD21-9917-49EA-A8A4-E4A3F7C772AF}.Release|Any CPU.ActiveCfg = Release|Any CPU
		{713DDD21-9917-49EA-A8A4-E4A3F7C772AF}.Release|Any CPU.Build.0 = Release|Any CPU
	EndGlobalSection
	GlobalSection(SolutionProperties) = preSolution
		HideSolutionNode = FALSE
	EndGlobalSection
	GlobalSection(ExtensibilityGlobals) = postSolution
		SolutionGuid = {F438D193-2DCE-4F40-930D-FD2832B98344}
	EndGlobalSection
EndGlobal
